lockfileVersion: '9.0'

settings:
  autoInstallPeers: true
  excludeLinksFromLockfile: false

importers:

  .:
    dependencies:
      pdf-lib:
        specifier: ^1.17.1
        version: 1.17.1
    devDependencies:
      '@playwright/test':
        specifier: ^1.50.1
        version: 1.50.1
      '@sveltejs/adapter-static':
        specifier: ^3.0.8
        version: 3.0.8(@sveltejs/kit@2.16.1(@sveltejs/vite-plugin-svelte@5.0.3(svelte@5.19.6)(vite@6.0.11(@types/node@22.13.0)(jiti@1.21.7)(yaml@2.7.0)))(svelte@5.19.6)(vite@6.0.11(@types/node@22.13.0)(jiti@1.21.7)(yaml@2.7.0)))
      '@sveltejs/kit':
        specifier: ^2.16.1
        version: 2.16.1(@sveltejs/vite-plugin-svelte@5.0.3(svelte@5.19.6)(vite@6.0.11(@types/node@22.13.0)(jiti@1.21.7)(yaml@2.7.0)))(svelte@5.19.6)(vite@6.0.11(@types/node@22.13.0)(jiti@1.21.7)(yaml@2.7.0))
      '@sveltejs/vite-plugin-svelte':
        specifier: ^5.0.3
        version: 5.0.3(svelte@5.19.6)(vite@6.0.11(@types/node@22.13.0)(jiti@1.21.7)(yaml@2.7.0))
      '@types/node':
        specifier: ^22.13.0
        version: 22.13.0
      autoprefixer:
        specifier: ^10.4.20
        version: 10.4.20(postcss@8.5.1)
      flowbite:
        specifier: 3.1.1
        version: 3.1.1(rollup@4.32.1)
      flowbite-svelte:
        specifier: 0.47.4
        version: 0.47.4(rollup@4.32.1)(svelte@5.19.6)
      flowbite-svelte-icons:
        specifier: 2.0.2
        version: 2.0.2(svelte@5.19.6)(tailwind-merge@2.5.5)(tailwindcss@4.0.2)
      svelte:
        specifier: ^5.19.6
        version: 5.19.6
      tailwindcss:
        specifier: ^4.0.2
        version: 4.0.2
      typescript:
        specifier: ^5.7.3
        version: 5.7.3
      vite:
        specifier: ^6.0.11
        version: 6.0.11(@types/node@22.13.0)(jiti@1.21.7)(yaml@2.7.0)

packages:

  '@ampproject/remapping@2.3.0':
    resolution: {integrity: sha512-30iZtAPgz+LTIYoeivqYo853f02jBYSd5uGnGpkFV0M3xOt9aN73erkgYAmZU43x4VfqcnLxW9Kpg3R5LC4YYw==}
    engines: {node: '>=6.0.0'}

  '@esbuild/aix-ppc64@0.24.2':
    resolution: {integrity: sha512-thpVCb/rhxE/BnMLQ7GReQLLN8q9qbHmI55F4489/ByVg2aQaQ6kbcLb6FHkocZzQhxc4gx0sCk0tJkKBFzDhA==}
    engines: {node: '>=18'}
    cpu: [ppc64]
    os: [aix]

  '@esbuild/android-arm64@0.24.2':
    resolution: {integrity: sha512-cNLgeqCqV8WxfcTIOeL4OAtSmL8JjcN6m09XIgro1Wi7cF4t/THaWEa7eL5CMoMBdjoHOTh/vwTO/o2TRXIyzg==}
    engines: {node: '>=18'}
    cpu: [arm64]
    os: [android]

  '@esbuild/android-arm@0.24.2':
    resolution: {integrity: sha512-tmwl4hJkCfNHwFB3nBa8z1Uy3ypZpxqxfTQOcHX+xRByyYgunVbZ9MzUUfb0RxaHIMnbHagwAxuTL+tnNM+1/Q==}
    engines: {node: '>=18'}
    cpu: [arm]
    os: [android]

  '@esbuild/android-x64@0.24.2':
    resolution: {integrity: sha512-B6Q0YQDqMx9D7rvIcsXfmJfvUYLoP722bgfBlO5cGvNVb5V/+Y7nhBE3mHV9OpxBf4eAS2S68KZztiPaWq4XYw==}
    engines: {node: '>=18'}
    cpu: [x64]
    os: [android]

  '@esbuild/darwin-arm64@0.24.2':
    resolution: {integrity: sha512-kj3AnYWc+CekmZnS5IPu9D+HWtUI49hbnyqk0FLEJDbzCIQt7hg7ucF1SQAilhtYpIujfaHr6O0UHlzzSPdOeA==}
    engines: {node: '>=18'}
    cpu: [arm64]
    os: [darwin]

  '@esbuild/darwin-x64@0.24.2':
    resolution: {integrity: sha512-WeSrmwwHaPkNR5H3yYfowhZcbriGqooyu3zI/3GGpF8AyUdsrrP0X6KumITGA9WOyiJavnGZUwPGvxvwfWPHIA==}
    engines: {node: '>=18'}
    cpu: [x64]
    os: [darwin]

  '@esbuild/freebsd-arm64@0.24.2':
    resolution: {integrity: sha512-UN8HXjtJ0k/Mj6a9+5u6+2eZ2ERD7Edt1Q9IZiB5UZAIdPnVKDoG7mdTVGhHJIeEml60JteamR3qhsr1r8gXvg==}
    engines: {node: '>=18'}
    cpu: [arm64]
    os: [freebsd]

  '@esbuild/freebsd-x64@0.24.2':
    resolution: {integrity: sha512-TvW7wE/89PYW+IevEJXZ5sF6gJRDY/14hyIGFXdIucxCsbRmLUcjseQu1SyTko+2idmCw94TgyaEZi9HUSOe3Q==}
    engines: {node: '>=18'}
    cpu: [x64]
    os: [freebsd]

  '@esbuild/linux-arm64@0.24.2':
    resolution: {integrity: sha512-7HnAD6074BW43YvvUmE/35Id9/NB7BeX5EoNkK9obndmZBUk8xmJJeU7DwmUeN7tkysslb2eSl6CTrYz6oEMQg==}
    engines: {node: '>=18'}
    cpu: [arm64]
    os: [linux]

  '@esbuild/linux-arm@0.24.2':
    resolution: {integrity: sha512-n0WRM/gWIdU29J57hJyUdIsk0WarGd6To0s+Y+LwvlC55wt+GT/OgkwoXCXvIue1i1sSNWblHEig00GBWiJgfA==}
    engines: {node: '>=18'}
    cpu: [arm]
    os: [linux]

  '@esbuild/linux-ia32@0.24.2':
    resolution: {integrity: sha512-sfv0tGPQhcZOgTKO3oBE9xpHuUqguHvSo4jl+wjnKwFpapx+vUDcawbwPNuBIAYdRAvIDBfZVvXprIj3HA+Ugw==}
    engines: {node: '>=18'}
    cpu: [ia32]
    os: [linux]

  '@esbuild/linux-loong64@0.24.2':
    resolution: {integrity: sha512-CN9AZr8kEndGooS35ntToZLTQLHEjtVB5n7dl8ZcTZMonJ7CCfStrYhrzF97eAecqVbVJ7APOEe18RPI4KLhwQ==}
    engines: {node: '>=18'}
    cpu: [loong64]
    os: [linux]

  '@esbuild/linux-mips64el@0.24.2':
    resolution: {integrity: sha512-iMkk7qr/wl3exJATwkISxI7kTcmHKE+BlymIAbHO8xanq/TjHaaVThFF6ipWzPHryoFsesNQJPE/3wFJw4+huw==}
    engines: {node: '>=18'}
    cpu: [mips64el]
    os: [linux]

  '@esbuild/linux-ppc64@0.24.2':
    resolution: {integrity: sha512-shsVrgCZ57Vr2L8mm39kO5PPIb+843FStGt7sGGoqiiWYconSxwTiuswC1VJZLCjNiMLAMh34jg4VSEQb+iEbw==}
    engines: {node: '>=18'}
    cpu: [ppc64]
    os: [linux]

  '@esbuild/linux-riscv64@0.24.2':
    resolution: {integrity: sha512-4eSFWnU9Hhd68fW16GD0TINewo1L6dRrB+oLNNbYyMUAeOD2yCK5KXGK1GH4qD/kT+bTEXjsyTCiJGHPZ3eM9Q==}
    engines: {node: '>=18'}
    cpu: [riscv64]
    os: [linux]

  '@esbuild/linux-s390x@0.24.2':
    resolution: {integrity: sha512-S0Bh0A53b0YHL2XEXC20bHLuGMOhFDO6GN4b3YjRLK//Ep3ql3erpNcPlEFed93hsQAjAQDNsvcK+hV90FubSw==}
    engines: {node: '>=18'}
    cpu: [s390x]
    os: [linux]

  '@esbuild/linux-x64@0.24.2':
    resolution: {integrity: sha512-8Qi4nQcCTbLnK9WoMjdC9NiTG6/E38RNICU6sUNqK0QFxCYgoARqVqxdFmWkdonVsvGqWhmm7MO0jyTqLqwj0Q==}
    engines: {node: '>=18'}
    cpu: [x64]
    os: [linux]

  '@esbuild/netbsd-arm64@0.24.2':
    resolution: {integrity: sha512-wuLK/VztRRpMt9zyHSazyCVdCXlpHkKm34WUyinD2lzK07FAHTq0KQvZZlXikNWkDGoT6x3TD51jKQ7gMVpopw==}
    engines: {node: '>=18'}
    cpu: [arm64]
    os: [netbsd]

  '@esbuild/netbsd-x64@0.24.2':
    resolution: {integrity: sha512-VefFaQUc4FMmJuAxmIHgUmfNiLXY438XrL4GDNV1Y1H/RW3qow68xTwjZKfj/+Plp9NANmzbH5R40Meudu8mmw==}
    engines: {node: '>=18'}
    cpu: [x64]
    os: [netbsd]

  '@esbuild/openbsd-arm64@0.24.2':
    resolution: {integrity: sha512-YQbi46SBct6iKnszhSvdluqDmxCJA+Pu280Av9WICNwQmMxV7nLRHZfjQzwbPs3jeWnuAhE9Jy0NrnJ12Oz+0A==}
    engines: {node: '>=18'}
    cpu: [arm64]
    os: [openbsd]

  '@esbuild/openbsd-x64@0.24.2':
    resolution: {integrity: sha512-+iDS6zpNM6EnJyWv0bMGLWSWeXGN/HTaF/LXHXHwejGsVi+ooqDfMCCTerNFxEkM3wYVcExkeGXNqshc9iMaOA==}
    engines: {node: '>=18'}
    cpu: [x64]
    os: [openbsd]

  '@esbuild/sunos-x64@0.24.2':
    resolution: {integrity: sha512-hTdsW27jcktEvpwNHJU4ZwWFGkz2zRJUz8pvddmXPtXDzVKTTINmlmga3ZzwcuMpUvLw7JkLy9QLKyGpD2Yxig==}
    engines: {node: '>=18'}
    cpu: [x64]
    os: [sunos]

  '@esbuild/win32-arm64@0.24.2':
    resolution: {integrity: sha512-LihEQ2BBKVFLOC9ZItT9iFprsE9tqjDjnbulhHoFxYQtQfai7qfluVODIYxt1PgdoyQkz23+01rzwNwYfutxUQ==}
    engines: {node: '>=18'}
    cpu: [arm64]
    os: [win32]

  '@esbuild/win32-ia32@0.24.2':
    resolution: {integrity: sha512-q+iGUwfs8tncmFC9pcnD5IvRHAzmbwQ3GPS5/ceCyHdjXubwQWI12MKWSNSMYLJMq23/IUCvJMS76PDqXe1fxA==}
    engines: {node: '>=18'}
    cpu: [ia32]
    os: [win32]

  '@esbuild/win32-x64@0.24.2':
    resolution: {integrity: sha512-7VTgWzgMGvup6aSqDPLiW5zHaxYJGTO4OokMjIlrCtf+VpEL+cXKtCvg723iguPYI5oaUNdS+/V7OU2gvXVWEg==}
    engines: {node: '>=18'}
    cpu: [x64]
    os: [win32]

  '@floating-ui/core@1.6.8':
    resolution: {integrity: sha512-7XJ9cPU+yI2QeLS+FCSlqNFZJq8arvswefkZrYI1yQBbftw6FyrZOxYSh+9S7z7TpeWlRt9zJ5IhM1WIL334jA==}

  '@floating-ui/dom@1.6.12':
    resolution: {integrity: sha512-NP83c0HjokcGVEMeoStg317VD9W7eDlGK7457dMBANbKA6GJZdc7rjujdgqzTaz93jkGgc5P/jeWbaCHnMNc+w==}

  '@floating-ui/utils@0.2.8':
    resolution: {integrity: sha512-kym7SodPp8/wloecOpcmSnWJsK7M0E5Wg8UcFA+uO4B9s5d0ywXOEro/8HM9x0rW+TljRzul/14UYz3TleT3ig==}

  '@jridgewell/gen-mapping@0.3.8':
    resolution: {integrity: sha512-imAbBGkb+ebQyxKgzv5Hu2nmROxoDOXHh80evxdoXNOrvAnVx7zimzc1Oo5h9RlfV4vPXaE2iM5pOFbvOCClWA==}
    engines: {node: '>=6.0.0'}

  '@jridgewell/resolve-uri@3.1.2':
    resolution: {integrity: sha512-bRISgCIjP20/tbWSPWMEi54QVPRZExkuD9lJL+UIxUKtwVJA8wW1Trb1jMs1RFXo1CBTNZ/5hpC9QvmKWdopKw==}
    engines: {node: '>=6.0.0'}

  '@jridgewell/set-array@1.2.1':
    resolution: {integrity: sha512-R8gLRTZeyp03ymzP/6Lil/28tGeGEzhx1q2k703KGWRAI1VdvPIXdG70VJc2pAMw3NA6JKL5hhFu1sJX0Mnn/A==}
    engines: {node: '>=6.0.0'}

  '@jridgewell/sourcemap-codec@1.5.0':
    resolution: {integrity: sha512-gv3ZRaISU3fjPAgNsriBRqGWQL6quFx04YMPW/zD8XMLsU32mhCCbfbO6KZFLjvYpCZ8zyDEgqsgf+PwPaM7GQ==}

  '@jridgewell/trace-mapping@0.3.25':
    resolution: {integrity: sha512-vNk6aEwybGtawWmy/PzwnGDOjCkLWSD2wqvjGGAgOAwCGWySYXfYoxt00IJkTF+8Lb57DwOb3Aa0o9CApepiYQ==}

  '@pdf-lib/standard-fonts@1.0.0':
    resolution: {integrity: sha512-hU30BK9IUN/su0Mn9VdlVKsWBS6GyhVfqjwl1FjZN4TxP6cCw0jP2w7V3Hf5uX7M0AZJ16vey9yE0ny7Sa59ZA==}

  '@pdf-lib/upng@1.0.1':
    resolution: {integrity: sha512-dQK2FUMQtowVP00mtIksrlZhdFXQZPC+taih1q4CvPZ5vqdxR/LKBaFg0oAfzd1GlHZXXSPdQfzQnt+ViGvEIQ==}

  '@playwright/test@1.50.1':
    resolution: {integrity: sha512-Jii3aBg+CEDpgnuDxEp/h7BimHcUTDlpEtce89xEumlJ5ef2hqepZ+PWp1DDpYC/VO9fmWVI1IlEaoI5fK9FXQ==}
    engines: {node: '>=18'}
    hasBin: true

  '@polka/url@1.0.0-next.28':
    resolution: {integrity: sha512-8LduaNlMZGwdZ6qWrKlfa+2M4gahzFkprZiAt2TF8uS0qQgBizKXpXURqvTJ4WtmupWxaLqjRb2UCTe72mu+Aw==}

  '@popperjs/core@2.11.8':
    resolution: {integrity: sha512-P1st0aksCrn9sGZhp8GMYwBnQsbvAWsZAX44oXNNvLHGqAOcoVxmjZiohstwQ7SqKnbR47akdNi+uleWD8+g6A==}

  '@rollup/plugin-node-resolve@15.3.1':
    resolution: {integrity: sha512-tgg6b91pAybXHJQMAAwW9VuWBO6Thi+q7BCNARLwSqlmsHz0XYURtGvh/AuwSADXSI4h/2uHbs7s4FzlZDGSGA==}
    engines: {node: '>=14.0.0'}
    peerDependencies:
      rollup: ^2.78.0||^3.0.0||^4.0.0
    peerDependenciesMeta:
      rollup:
        optional: true

  '@rollup/pluginutils@5.1.4':
    resolution: {integrity: sha512-USm05zrsFxYLPdWWq+K3STlWiT/3ELn3RcV5hJMghpeAIhxfsUIg6mt12CBJBInWMV4VneoV7SfGv8xIwo2qNQ==}
    engines: {node: '>=14.0.0'}
    peerDependencies:
      rollup: ^1.20.0||^2.0.0||^3.0.0||^4.0.0
    peerDependenciesMeta:
      rollup:
        optional: true

  '@rollup/rollup-android-arm-eabi@4.32.1':
    resolution: {integrity: sha512-/pqA4DmqyCm8u5YIDzIdlLcEmuvxb0v8fZdFhVMszSpDTgbQKdw3/mB3eMUHIbubtJ6F9j+LtmyCnHTEqIHyzA==}
    cpu: [arm]
    os: [android]

  '@rollup/rollup-android-arm64@4.32.1':
    resolution: {integrity: sha512-If3PDskT77q7zgqVqYuj7WG3WC08G1kwXGVFi9Jr8nY6eHucREHkfpX79c0ACAjLj3QIWKPJR7w4i+f5EdLH5Q==}
    cpu: [arm64]
    os: [android]

  '@rollup/rollup-darwin-arm64@4.32.1':
    resolution: {integrity: sha512-zCpKHioQ9KgZToFp5Wvz6zaWbMzYQ2LJHQ+QixDKq52KKrF65ueu6Af4hLlLWHjX1Wf/0G5kSJM9PySW9IrvHA==}
    cpu: [arm64]
    os: [darwin]

  '@rollup/rollup-darwin-x64@4.32.1':
    resolution: {integrity: sha512-sFvF+t2+TyUo/ZQqUcifrJIgznx58oFZbdHS9TvHq3xhPVL9nOp+yZ6LKrO9GWTP+6DbFtoyLDbjTpR62Mbr3Q==}
    cpu: [x64]
    os: [darwin]

  '@rollup/rollup-freebsd-arm64@4.32.1':
    resolution: {integrity: sha512-NbOa+7InvMWRcY9RG+B6kKIMD/FsnQPH0MWUvDlQB1iXnF/UcKSudCXZtv4lW+C276g3w5AxPbfry5rSYvyeYA==}
    cpu: [arm64]
    os: [freebsd]

  '@rollup/rollup-freebsd-x64@4.32.1':
    resolution: {integrity: sha512-JRBRmwvHPXR881j2xjry8HZ86wIPK2CcDw0EXchE1UgU0ubWp9nvlT7cZYKc6bkypBt745b4bglf3+xJ7hXWWw==}
    cpu: [x64]
    os: [freebsd]

  '@rollup/rollup-linux-arm-gnueabihf@4.32.1':
    resolution: {integrity: sha512-PKvszb+9o/vVdUzCCjL0sKHukEQV39tD3fepXxYrHE3sTKrRdCydI7uldRLbjLmDA3TFDmh418XH19NOsDRH8g==}
    cpu: [arm]
    os: [linux]

  '@rollup/rollup-linux-arm-musleabihf@4.32.1':
    resolution: {integrity: sha512-9WHEMV6Y89eL606ReYowXuGF1Yb2vwfKWKdD1A5h+OYnPZSJvxbEjxTRKPgi7tkP2DSnW0YLab1ooy+i/FQp/Q==}
    cpu: [arm]
    os: [linux]

  '@rollup/rollup-linux-arm64-gnu@4.32.1':
    resolution: {integrity: sha512-tZWc9iEt5fGJ1CL2LRPw8OttkCBDs+D8D3oEM8mH8S1ICZCtFJhD7DZ3XMGM8kpqHvhGUTvNUYVDnmkj4BDXnw==}
    cpu: [arm64]
    os: [linux]

  '@rollup/rollup-linux-arm64-musl@4.32.1':
    resolution: {integrity: sha512-FTYc2YoTWUsBz5GTTgGkRYYJ5NGJIi/rCY4oK/I8aKowx1ToXeoVVbIE4LGAjsauvlhjfl0MYacxClLld1VrOw==}
    cpu: [arm64]
    os: [linux]

  '@rollup/rollup-linux-loongarch64-gnu@4.32.1':
    resolution: {integrity: sha512-F51qLdOtpS6P1zJVRzYM0v6MrBNypyPEN1GfMiz0gPu9jN8ScGaEFIZQwteSsGKg799oR5EaP7+B2jHgL+d+Kw==}
    cpu: [loong64]
    os: [linux]

  '@rollup/rollup-linux-powerpc64le-gnu@4.32.1':
    resolution: {integrity: sha512-wO0WkfSppfX4YFm5KhdCCpnpGbtgQNj/tgvYzrVYFKDpven8w2N6Gg5nB6w+wAMO3AIfSTWeTjfVe+uZ23zAlg==}
    cpu: [ppc64]
    os: [linux]

  '@rollup/rollup-linux-riscv64-gnu@4.32.1':
    resolution: {integrity: sha512-iWswS9cIXfJO1MFYtI/4jjlrGb/V58oMu4dYJIKnR5UIwbkzR0PJ09O0PDZT0oJ3LYWXBSWahNf/Mjo6i1E5/g==}
    cpu: [riscv64]
    os: [linux]

  '@rollup/rollup-linux-s390x-gnu@4.32.1':
    resolution: {integrity: sha512-RKt8NI9tebzmEthMnfVgG3i/XeECkMPS+ibVZjZ6mNekpbbUmkNWuIN2yHsb/mBPyZke4nlI4YqIdFPgKuoyQQ==}
    cpu: [s390x]
    os: [linux]

  '@rollup/rollup-linux-x64-gnu@4.32.1':
    resolution: {integrity: sha512-WQFLZ9c42ECqEjwg/GHHsouij3pzLXkFdz0UxHa/0OM12LzvX7DzedlY0SIEly2v18YZLRhCRoHZDxbBSWoGYg==}
    cpu: [x64]
    os: [linux]

  '@rollup/rollup-linux-x64-musl@4.32.1':
    resolution: {integrity: sha512-BLoiyHDOWoS3uccNSADMza6V6vCNiphi94tQlVIL5de+r6r/CCQuNnerf+1g2mnk2b6edp5dk0nhdZ7aEjOBsA==}
    cpu: [x64]
    os: [linux]

  '@rollup/rollup-win32-arm64-msvc@4.32.1':
    resolution: {integrity: sha512-w2l3UnlgYTNNU+Z6wOR8YdaioqfEnwPjIsJ66KxKAf0p+AuL2FHeTX6qvM+p/Ue3XPBVNyVSfCrfZiQh7vZHLQ==}
    cpu: [arm64]
    os: [win32]

  '@rollup/rollup-win32-ia32-msvc@4.32.1':
    resolution: {integrity: sha512-Am9H+TGLomPGkBnaPWie4F3x+yQ2rr4Bk2jpwy+iV+Gel9jLAu/KqT8k3X4jxFPW6Zf8OMnehyutsd+eHoq1WQ==}
    cpu: [ia32]
    os: [win32]

  '@rollup/rollup-win32-x64-msvc@4.32.1':
    resolution: {integrity: sha512-ar80GhdZb4DgmW3myIS9nRFYcpJRSME8iqWgzH2i44u+IdrzmiXVxeFnExQ5v4JYUSpg94bWjevMG8JHf1Da5Q==}
    cpu: [x64]
    os: [win32]

  '@sveltejs/adapter-static@3.0.8':
    resolution: {integrity: sha512-YaDrquRpZwfcXbnlDsSrBQNCChVOT9MGuSg+dMAyfsAa1SmiAhrA5jUYUiIMC59G92kIbY/AaQOWcBdq+lh+zg==}
    peerDependencies:
      '@sveltejs/kit': ^2.0.0

  '@sveltejs/kit@2.16.1':
    resolution: {integrity: sha512-2pF5sgGJx9brYZ/9nNDYnh5KX0JguPF14dnvvtf/MqrvlWrDj/e7Rk3LBJPecFLLK1GRs6ZniD24gFPqZm/NFw==}
    engines: {node: '>=18.13'}
    hasBin: true
    peerDependencies:
      '@sveltejs/vite-plugin-svelte': ^3.0.0 || ^4.0.0-next.1 || ^5.0.0
      svelte: ^4.0.0 || ^5.0.0-next.0
      vite: ^5.0.3 || ^6.0.0

  '@sveltejs/vite-plugin-svelte-inspector@4.0.1':
    resolution: {integrity: sha512-J/Nmb2Q2y7mck2hyCX4ckVHcR5tu2J+MtBEQqpDrrgELZ2uvraQcK/ioCV61AqkdXFgriksOKIceDcQmqnGhVw==}
    engines: {node: ^18.0.0 || ^20.0.0 || >=22}
    peerDependencies:
      '@sveltejs/vite-plugin-svelte': ^5.0.0
      svelte: ^5.0.0
      vite: ^6.0.0

  '@sveltejs/vite-plugin-svelte@5.0.3':
    resolution: {integrity: sha512-MCFS6CrQDu1yGwspm4qtli0e63vaPCehf6V7pIMP15AsWgMKrqDGCPFF/0kn4SP0ii4aySu4Pa62+fIRGFMjgw==}
    engines: {node: ^18.0.0 || ^20.0.0 || >=22}
    peerDependencies:
      svelte: ^5.0.0
      vite: ^6.0.0

  '@types/cookie@0.6.0':
    resolution: {integrity: sha512-4Kh9a6B2bQciAhf7FSuMRRkUWecJgJu9nPnx3yzpsfXX/c50REIqpHY4C82bXP90qrLtXtkDxTZosYO3UpOwlA==}

  '@types/estree@1.0.6':
    resolution: {integrity: sha512-AYnb1nQyY49te+VRAVgmzfcgjYS91mY5P0TKUDCLEM+gNnA+3T6rWITXRLYCpahpqSQbN5cE+gHpnPyXjHWxcw==}

  '@types/node@22.13.0':
    resolution: {integrity: sha512-ClIbNe36lawluuvq3+YYhnIN2CELi+6q8NpnM7PYp4hBn/TatfboPgVSm2rwKRfnV2M+Ty9GWDFI64KEe+kysA==}

  '@types/resolve@1.20.2':
    resolution: {integrity: sha512-60BCwRFOZCQhDncwQdxxeOEEkbc5dIMccYLwbxsS4TUNeVECQ/pBJ0j09mrHOl/JJvpRPGwO9SvE4nR2Nb/a4Q==}

  '@yr/monotone-cubic-spline@1.0.3':
    resolution: {integrity: sha512-FQXkOta0XBSUPHndIKON2Y9JeQz5ZeMqLYZVVK93FliNBFm7LNMIZmY6FrMEB9XPcDbE2bekMbZD6kzDkxwYjA==}

  acorn-typescript@1.4.13:
    resolution: {integrity: sha512-xsc9Xv0xlVfwp2o7sQ+GCQ1PgbkdcpWdTzrwXxO3xDMTAywVS3oXVOcOHuRjAPkS4P9b+yc/qNF15460v+jp4Q==}
    peerDependencies:
      acorn: '>=8.9.0'

  acorn@8.14.0:
    resolution: {integrity: sha512-cl669nCJTZBsL97OF4kUQm5g5hC2uihk0NxY3WENAC0TYdILVkAyHymAntgxGkl7K+t0cXIrH5siy5S4XkFycA==}
    engines: {node: '>=0.4.0'}
    hasBin: true

  apexcharts@3.54.1:
    resolution: {integrity: sha512-E4et0h/J1U3r3EwS/WlqJCQIbepKbp6wGUmaAwJOMjHUP4Ci0gxanLa7FR3okx6p9coi4st6J853/Cb1NP0vpA==}

  aria-query@5.3.2:
    resolution: {integrity: sha512-COROpnaoap1E2F000S62r6A60uHZnmlvomhfyT2DlTcrY1OrBKn2UhH7qn5wTC9zMvD0AY7csdPSNwKP+7WiQw==}
    engines: {node: '>= 0.4'}

  autoprefixer@10.4.20:
    resolution: {integrity: sha512-XY25y5xSv/wEoqzDyXXME4AFfkZI0P23z6Fs3YgymDnKJkCGOnkL0iTxCa85UTqaSgfcqyf3UA6+c7wUvx/16g==}
    engines: {node: ^10 || ^12 || >=14}
    hasBin: true
    peerDependencies:
      postcss: ^8.1.0

  axobject-query@4.1.0:
    resolution: {integrity: sha512-qIj0G9wZbMGNLjLmg1PT6v2mE9AH2zlnADJD/2tC6E00hgmhUOfEB6greHPAfLRSufHqROIUTkw6E+M3lH0PTQ==}
    engines: {node: '>= 0.4'}

  browserslist@4.24.2:
    resolution: {integrity: sha512-ZIc+Q62revdMcqC6aChtW4jz3My3klmCO1fEmINZY/8J3EpBg5/A/D0AKmBveUh6pgoeycoMkVMko84tuYS+Gg==}
    engines: {node: ^6 || ^7 || ^8 || ^9 || ^10 || ^11 || ^12 || >=13.7}
    hasBin: true

  caniuse-lite@1.0.30001687:
    resolution: {integrity: sha512-0S/FDhf4ZiqrTUiQ39dKeUjYRjkv7lOZU1Dgif2rIqrTzX/1wV2hfKu9TOm1IHkdSijfLswxTFzl/cvir+SLSQ==}

  clsx@2.1.1:
    resolution: {integrity: sha512-eYm0QWBtUrBWZWG0d386OGAw16Z995PiOVo2B7bjWSbHedGl5e0ZWaq65kOGgUSNesEIDkB9ISbTg/JK9dhCZA==}
    engines: {node: '>=6'}

  cookie@0.6.0:
    resolution: {integrity: sha512-U71cyTamuh1CRNCfpGY6to28lxvNwPG4Guz/EVjgf3Jmzv0vlDp1atT9eS5dDjMYHucpHbWns6Lwf3BKz6svdw==}
    engines: {node: '>= 0.6'}

  debug@4.4.0:
    resolution: {integrity: sha512-6WTZ/IxCY/T6BALoZHaE4ctp9xm+Z5kY/pzYaCHRFeyVhojxlrm+46y68HA6hr0TcwEssoxNiDEUJQjfPZ/RYA==}
    engines: {node: '>=6.0'}
    peerDependencies:
      supports-color: '*'
    peerDependenciesMeta:
      supports-color:
        optional: true

  deepmerge@4.3.1:
    resolution: {integrity: sha512-3sUqbMEc77XqpdNO7FRyRog+eW3ph+GYCbj+rK+uYyRMuwsVy0rMiVtPn+QJlKFvWP/1PYpapqYn0Me2knFn+A==}
    engines: {node: '>=0.10.0'}

  devalue@5.1.1:
    resolution: {integrity: sha512-maua5KUiapvEwiEAe+XnlZ3Rh0GD+qI1J/nb9vrJc3muPXvcF/8gXYTWF76+5DAqHyDUtOIImEuo0YKE9mshVw==}

  electron-to-chromium@1.5.71:
    resolution: {integrity: sha512-dB68l59BI75W1BUGVTAEJy45CEVuEGy9qPVVQ8pnHyHMn36PLPPoE1mjLH+lo9rKulO3HC2OhbACI/8tCqJBcA==}

  esbuild@0.24.2:
    resolution: {integrity: sha512-+9egpBW8I3CD5XPe0n6BfT5fxLzxrlDzqydF3aviG+9ni1lDC/OvMHcxqEFV0+LANZG5R1bFMWfUrjVsdwxJvA==}
    engines: {node: '>=18'}
    hasBin: true

  escalade@3.2.0:
    resolution: {integrity: sha512-WUj2qlxaQtO4g6Pq5c29GTcWGDyd8itL8zTlipgECz3JesAiiOKotd8JU6otB3PACgG6xkJUyVhboMS+bje/jA==}
    engines: {node: '>=6'}

  esm-env@1.2.2:
    resolution: {integrity: sha512-Epxrv+Nr/CaL4ZcFGPJIYLWFom+YeV1DqMLHJoEd9SYRxNbaFruBwfEX/kkHUJf55j2+TUbmDcmuilbP1TmXHA==}

  esrap@1.4.3:
    resolution: {integrity: sha512-Xddc1RsoFJ4z9nR7W7BFaEPIp4UXoeQ0+077UdWLxbafMQFyU79sQJMk7kxNgRwQ9/aVgaKacCHC2pUACGwmYw==}

  estree-walker@2.0.2:
    resolution: {integrity: sha512-Rfkk/Mp/DL7JVje3u18FxFujQlTNR2q6QfMSMB7AvCBx91NGj/ba3kCfza0f6dVDbw7YlRf/nDrn7pQrCCyQ/w==}

  flowbite-datepicker@1.3.2:
    resolution: {integrity: sha512-6Nfm0MCVX3mpaR7YSCjmEO2GO8CDt6CX8ZpQnGdeu03WUCWtEPQ/uy0PUiNtIJjJZWnX0Cm3H55MOhbD1g+E/g==}

  flowbite-svelte-icons@2.0.2:
    resolution: {integrity: sha512-Vkmduy2867Rk8R7TziPirsWkixJnToFBEXRaN4ouJabOx62NQjiBbHFe+HTaMOQmdp4FNMI2Nhtk2I2CQ8r3RQ==}
    engines: {node: '>=18.0.0', npm: '>=7.0.0'}
    peerDependencies:
      svelte: ^5.0.0
      tailwind-merge: ^2.3.0
      tailwindcss: ^3.4.3

  flowbite-svelte@0.47.4:
    resolution: {integrity: sha512-8oiY/oeWA7fgkDF91MZKEBo5VmjL8El3wuqTDWAFO1j7p45BHIL6G1VGnnidgCEYlbADDQN9BIGCvyPq4J3g+w==}
    peerDependencies:
      svelte: ^3.55.1 || ^4.0.0 || ^5.0.0

  flowbite@2.5.2:
    resolution: {integrity: sha512-kwFD3n8/YW4EG8GlY3Od9IoKND97kitO+/ejISHSqpn3vw2i5K/+ZI8Jm2V+KC4fGdnfi0XZ+TzYqQb4Q1LshA==}

  flowbite@3.1.1:
    resolution: {integrity: sha512-ZYj519lS7Ls+ek6jOi12JRJytDtwekJdnwSjDXhiS8G+k2j3X8HfFOGtbdrYey6h2+z/seEDSqsSjDca/wClxw==}

  fraction.js@4.3.7:
    resolution: {integrity: sha512-ZsDfxO51wGAXREY55a7la9LScWpwv9RxIrYABrlvOFBlH/ShPnrtsXeuUIfXKKOVicNxQ+o8JTbJvjS4M89yew==}

  fsevents@2.3.2:
    resolution: {integrity: sha512-xiqMQR4xAeHTuB9uWm+fFRcIOgKBMiOBP+eXiyT7jsgVCq1bkVygt00oASowB7EdtpOHaaPgKt812P9ab+DDKA==}
    engines: {node: ^8.16.0 || ^10.6.0 || >=11.0.0}
    os: [darwin]

  fsevents@2.3.3:
    resolution: {integrity: sha512-5xoDfX+fL7faATnagmWPpbFtwh/R77WmMMqqHGS65C3vvB0YHrgF+B1YmZ3441tMj5n63k0212XNoJwzlhffQw==}
    engines: {node: ^8.16.0 || ^10.6.0 || >=11.0.0}
    os: [darwin]

  function-bind@1.1.2:
    resolution: {integrity: sha512-7XHNxH7qX9xG5mIwxkhumTox/MIRNcOgDrxWsMt2pAr23WHp6MrRlN7FBSFpCpr+oVO0F744iUgR82nJMfG2SA==}

  hasown@2.0.2:
    resolution: {integrity: sha512-0hJU9SCPvmMzIBdZFqNPXWa6dqh7WdH0cII9y+CyS8rG3nL48Bclra9HmKhVVUHyPWNH5Y7xDwAB7bfgSjkUMQ==}
    engines: {node: '>= 0.4'}

  import-meta-resolve@4.1.0:
    resolution: {integrity: sha512-I6fiaX09Xivtk+THaMfAwnA3MVA5Big1WHF1Dfx9hFuvNIWpXnorlkzhcQf6ehrqQiiZECRt1poOAkPmer3ruw==}

  is-core-module@2.16.1:
    resolution: {integrity: sha512-UfoeMA6fIJ8wTYFEUjelnaGI67v6+N7qXJEvQuIGa99l4xsCruSYOVSQ0uPANn4dAzm8lkYPaKLrrijLq7x23w==}
    engines: {node: '>= 0.4'}

  is-module@1.0.0:
    resolution: {integrity: sha512-51ypPSPCoTEIN9dy5Oy+h4pShgJmPCygKfyRCISBI+JoWT/2oJvK8QPxmwv7b/p239jXrm9M1mlQbyKJ5A152g==}

  is-reference@3.0.3:
    resolution: {integrity: sha512-ixkJoqQvAP88E6wLydLGGqCJsrFUnqoH6HnaczB8XmDH1oaWU+xxdptvikTgaEhtZ53Ky6YXiBuUI2WXLMCwjw==}

  jiti@1.21.7:
    resolution: {integrity: sha512-/imKNG4EbWNrVjoNC/1H5/9GFy+tqjGBHCaSsN+P2RnPqjsLmv6UD3Ej+Kj8nBWaRAwyk7kK5ZUc+OEatnTR3A==}
    hasBin: true

  kleur@4.1.5:
    resolution: {integrity: sha512-o+NO+8WrRiQEE4/7nwRJhN1HWpVmJm511pBHUxPLtp0BUISzlBplORYSmTclCnJvQq2tKu/sgl3xVpkc7ZWuQQ==}
    engines: {node: '>=6'}

  locate-character@3.0.0:
    resolution: {integrity: sha512-SW13ws7BjaeJ6p7Q6CO2nchbYEc3X3J6WrmTTDto7yMPqVSZTUyY5Tjbid+Ab8gLnATtygYtiDIJGQRRn2ZOiA==}

  magic-string@0.30.17:
    resolution: {integrity: sha512-sNPKHvyjVf7gyjwS4xGTaW/mCnF8wnjtifKBEhxfZ7E/S8tQ0rssrwGNn6q8JH/ohItJfSQp9mBtQYuTlH5QnA==}

  mini-svg-data-uri@1.4.4:
    resolution: {integrity: sha512-r9deDe9p5FJUPZAk3A59wGH7Ii9YrjjWw0jmw/liSbHl2CHiyXj6FcDXDu2K3TjVAXqiJdaw3xxwlZZr9E6nHg==}
    hasBin: true

  mri@1.2.0:
    resolution: {integrity: sha512-tzzskb3bG8LvYGFF/mDTpq3jpI6Q9wc3LEmBaghu+DdCssd1FakN7Bc0hVNmEyGq1bq3RgfkCb3cmQLpNPOroA==}
    engines: {node: '>=4'}

  mrmime@2.0.0:
    resolution: {integrity: sha512-eu38+hdgojoyq63s+yTpN4XMBdt5l8HhMhc4VKLO9KM5caLIBvUm4thi7fFaxyTmCKeNnXZ5pAlBwCUnhA09uw==}
    engines: {node: '>=10'}

  ms@2.1.3:
    resolution: {integrity: sha512-6FlzubTLZG3J2a/NVCAleEhjzq5oxgHyaCU9yYXvcLsvoVaHJq/s5xXI6/XXP6tz7R9xAOtHnSO/tXtF3WRTlA==}

  nanoid@3.3.8:
    resolution: {integrity: sha512-WNLf5Sd8oZxOm+TzppcYk8gVOgP+l58xNy58D0nbUnOxOWRWvlcCV4kUF7ltmI6PsrLl/BgKEyS4mqsGChFN0w==}
    engines: {node: ^10 || ^12 || ^13.7 || ^14 || >=15.0.1}
    hasBin: true

  node-releases@2.0.18:
    resolution: {integrity: sha512-d9VeXT4SJ7ZeOqGX6R5EM022wpL+eWPooLI+5UpWn2jCT1aosUQEhQP214x33Wkwx3JQMvIm+tIoVOdodFS40g==}

  normalize-range@0.1.2:
    resolution: {integrity: sha512-bdok/XvKII3nUpklnV6P2hxtMNrCboOjAcyBuQnWEhO665FwrSNRxU+AqpsyvO6LgGYPspN+lu5CLtw4jPRKNA==}
    engines: {node: '>=0.10.0'}

  pako@1.0.11:
    resolution: {integrity: sha512-4hLB8Py4zZce5s4yd9XzopqwVv/yGNhV1Bl8NTmCq1763HeK2+EwVTv+leGeL13Dnh2wfbqowVPXCIO0z4taYw==}

  path-parse@1.0.7:
    resolution: {integrity: sha512-LDJzPVEEEPR+y48z93A0Ed0yXb8pAByGWo/k5YYdYgpY2/2EsOsksJrq7lOHxryrVOn1ejG6oAp8ahvOIQD8sw==}

  pdf-lib@1.17.1:
    resolution: {integrity: sha512-V/mpyJAoTsN4cnP31vc0wfNA1+p20evqqnap0KLoRUN0Yk/p3wN52DOEsL4oBFcLdb76hlpKPtzJIgo67j/XLw==}

  picocolors@1.1.1:
    resolution: {integrity: sha512-xceH2snhtb5M9liqDsmEw56le376mTZkEX/jEb/RxNFyegNul7eNslCXP9FDj/Lcu0X8KEyMceP2ntpaHrDEVA==}

  picomatch@4.0.2:
    resolution: {integrity: sha512-M7BAV6Rlcy5u+m6oPhAPFgJTzAioX/6B0DxyvDlo9l8+T3nLKbrczg2WLUyzd45L8RqfUMyGPzekbMvX2Ldkwg==}
    engines: {node: '>=12'}

  playwright-core@1.50.1:
    resolution: {integrity: sha512-ra9fsNWayuYumt+NiM069M6OkcRb1FZSK8bgi66AtpFoWkg2+y0bJSNmkFrWhMbEBbVKC/EruAHH3g0zmtwGmQ==}
    engines: {node: '>=18'}
    hasBin: true

  playwright@1.50.1:
    resolution: {integrity: sha512-G8rwsOQJ63XG6BbKj2w5rHeavFjy5zynBA9zsJMMtBoe/Uf757oG12NXz6e6OirF7RCrTVAKFXbLmn1RbL7Qaw==}
    engines: {node: '>=18'}
    hasBin: true

  postcss-value-parser@4.2.0:
    resolution: {integrity: sha512-1NNCs6uurfkVbeXG4S8JFT9t19m45ICnif8zWLd5oPSZ50QnwMfK+H3jv408d4jw/7Bttv5axS5IiHoLaVNHeQ==}

  postcss@8.5.1:
    resolution: {integrity: sha512-6oz2beyjc5VMn/KV1pPw8fliQkhBXrVn1Z3TVyqZxU8kZpzEKhBdmCFqI6ZbmGtamQvQGuU1sgPTk8ZrXDD7jQ==}
    engines: {node: ^10 || ^12 || >=14}

  resolve@1.22.10:
    resolution: {integrity: sha512-NPRy+/ncIMeDlTAsuqwKIiferiawhefFJtkNSW0qZJEqMEb+qBt/77B/jGeeek+F0uOeN05CDa6HXbbIgtVX4w==}
    engines: {node: '>= 0.4'}
    hasBin: true

  rollup@4.32.1:
    resolution: {integrity: sha512-z+aeEsOeEa3mEbS1Tjl6sAZ8NE3+AalQz1RJGj81M+fizusbdDMoEJwdJNHfaB40Scr4qNu+welOfes7maKonA==}
    engines: {node: '>=18.0.0', npm: '>=8.0.0'}
    hasBin: true

  sade@1.8.1:
    resolution: {integrity: sha512-xal3CZX1Xlo/k4ApwCFrHVACi9fBqJ7V+mwhBsuf/1IOKbBy098Fex+Wa/5QMubw09pSZ/u8EY8PWgevJsXp1A==}
    engines: {node: '>=6'}

  set-cookie-parser@2.7.1:
    resolution: {integrity: sha512-IOc8uWeOZgnb3ptbCURJWNjWUPcO3ZnTTdzsurqERrP6nPyv+paC55vJM0LpOlT2ne+Ix+9+CRG1MNLlyZ4GjQ==}

  sirv@3.0.0:
    resolution: {integrity: sha512-BPwJGUeDaDCHihkORDchNyyTvWFhcusy1XMmhEVTQTwGeybFbp8YEmB+njbPnth1FibULBSBVwCQni25XlCUDg==}
    engines: {node: '>=18'}

  source-map-js@1.2.1:
    resolution: {integrity: sha512-UXWMKhLOwVKb728IUtQPXxfYU+usdybtUrK/8uGE8CQMvrhOpwvzDBwj0QhSL7MQc7vIsISBG8VQ8+IDQxpfQA==}
    engines: {node: '>=0.10.0'}

  supports-preserve-symlinks-flag@1.0.0:
    resolution: {integrity: sha512-ot0WnXS9fgdkgIcePe6RHNk1WA8+muPa6cSjeR3V8K27q9BB1rTE3R1p7Hv0z1ZyAc8s6Vvv8DIyWf681MAt0w==}
    engines: {node: '>= 0.4'}

  svelte@5.19.6:
    resolution: {integrity: sha512-6ydekB3qyqUal+UhfMjmVOjRGtxysR8vuiMhi2nwuBtPJWnctVlsGspjVFB05qmR+TXI1emuqtZt81c0XiFleA==}
    engines: {node: '>=18'}

  svg.draggable.js@2.2.2:
    resolution: {integrity: sha512-JzNHBc2fLQMzYCZ90KZHN2ohXL0BQJGQimK1kGk6AvSeibuKcIdDX9Kr0dT9+UJ5O8nYA0RB839Lhvk4CY4MZw==}
    engines: {node: '>= 0.8.0'}

  svg.easing.js@2.0.0:
    resolution: {integrity: sha512-//ctPdJMGy22YoYGV+3HEfHbm6/69LJUTAqI2/5qBvaNHZ9uUFVC82B0Pl299HzgH13rKrBgi4+XyXXyVWWthA==}
    engines: {node: '>= 0.8.0'}

  svg.filter.js@2.0.2:
    resolution: {integrity: sha512-xkGBwU+dKBzqg5PtilaTb0EYPqPfJ9Q6saVldX+5vCRy31P6TlRCP3U9NxH3HEufkKkpNgdTLBJnmhDHeTqAkw==}
    engines: {node: '>= 0.8.0'}

  svg.js@2.7.1:
    resolution: {integrity: sha512-ycbxpizEQktk3FYvn/8BH+6/EuWXg7ZpQREJvgacqn46gIddG24tNNe4Son6omdXCnSOaApnpZw6MPCBA1dODA==}

  svg.pathmorphing.js@0.1.3:
    resolution: {integrity: sha512-49HWI9X4XQR/JG1qXkSDV8xViuTLIWm/B/7YuQELV5KMOPtXjiwH4XPJvr/ghEDibmLQ9Oc22dpWpG0vUDDNww==}
    engines: {node: '>= 0.8.0'}

  svg.resize.js@1.4.3:
    resolution: {integrity: sha512-9k5sXJuPKp+mVzXNvxz7U0uC9oVMQrrf7cFsETznzUDDm0x8+77dtZkWdMfRlmbkEEYvUn9btKuZ3n41oNA+uw==}
    engines: {node: '>= 0.8.0'}

  svg.select.js@2.1.2:
    resolution: {integrity: sha512-tH6ABEyJsAOVAhwcCjF8mw4crjXSI1aa7j2VQR8ZuJ37H2MBUbyeqYr5nEO7sSN3cy9AR9DUwNg0t/962HlDbQ==}
    engines: {node: '>= 0.8.0'}

  svg.select.js@3.0.1:
    resolution: {integrity: sha512-h5IS/hKkuVCbKSieR9uQCj9w+zLHoPh+ce19bBYyqF53g6mnPB8sAtIbe1s9dh2S2fCmYX2xel1Ln3PJBbK4kw==}
    engines: {node: '>= 0.8.0'}

  tailwind-merge@2.5.5:
    resolution: {integrity: sha512-0LXunzzAZzo0tEPxV3I297ffKZPlKDrjj7NXphC8V5ak9yHC5zRmxnOe2m/Rd/7ivsOMJe3JZ2JVocoDdQTRBA==}

  tailwindcss@4.0.2:
    resolution: {integrity: sha512-cjWQjZEbzQNqH4IiSjRcYg96zjlu+rjzTFkqTc/fN3FNnIU4CoNlQvwCsIomwG/2EPWYT9ysFL1QF6Av3fZeNg==}

  totalist@3.0.1:
    resolution: {integrity: sha512-sf4i37nQ2LBx4m3wB74y+ubopq6W/dIzXg0FDGjsYnZHVa1Da8FH853wlL2gtUhg+xJXjfk3kUZS3BRoQeoQBQ==}
    engines: {node: '>=6'}

  tslib@1.14.1:
    resolution: {integrity: sha512-Xni35NKzjgMrwevysHTCArtLDpPvye8zV/0E4EyYn43P7/7qvQwPh9BGkHewbMulVntbigmcT7rdX3BNo9wRJg==}

  typescript@5.7.3:
    resolution: {integrity: sha512-84MVSjMEHP+FQRPy3pX9sTVV/INIex71s9TL2Gm5FG/WG1SqXeKyZ0k7/blY/4FdOzI12CBy1vGc4og/eus0fw==}
    engines: {node: '>=14.17'}
    hasBin: true

  undici-types@6.20.0:
    resolution: {integrity: sha512-Ny6QZ2Nju20vw1SRHe3d9jVu6gJ+4e3+MMpqu7pqE5HT6WsTSlce++GQmK5UXS8mzV8DSYHrQH+Xrf2jVcuKNg==}

  update-browserslist-db@1.1.1:
    resolution: {integrity: sha512-R8UzCaa9Az+38REPiJ1tXlImTJXlVfgHZsglwBD/k6nj76ctsH1E3q4doGrukiLQd3sGQYu56r5+lo5r94l29A==}
    hasBin: true
    peerDependencies:
      browserslist: '>= 4.21.0'

  vite@6.0.11:
    resolution: {integrity: sha512-4VL9mQPKoHy4+FE0NnRE/kbY51TOfaknxAjt3fJbGJxhIpBZiqVzlZDEesWWsuREXHwNdAoOFZ9MkPEVXczHwg==}
    engines: {node: ^18.0.0 || ^20.0.0 || >=22.0.0}
    hasBin: true
    peerDependencies:
      '@types/node': ^18.0.0 || ^20.0.0 || >=22.0.0
      jiti: '>=1.21.0'
      less: '*'
      lightningcss: ^1.21.0
      sass: '*'
      sass-embedded: '*'
      stylus: '*'
      sugarss: '*'
      terser: ^5.16.0
      tsx: ^4.8.1
      yaml: ^2.4.2
    peerDependenciesMeta:
      '@types/node':
        optional: true
      jiti:
        optional: true
      less:
        optional: true
      lightningcss:
        optional: true
      sass:
        optional: true
      sass-embedded:
        optional: true
      stylus:
        optional: true
      sugarss:
        optional: true
      terser:
        optional: true
      tsx:
        optional: true
      yaml:
        optional: true

  vitefu@1.0.4:
    resolution: {integrity: sha512-y6zEE3PQf6uu/Mt6DTJ9ih+kyJLr4XcSgHR2zUkM8SWDhuixEJxfJ6CZGMHh1Ec3vPLoEA0IHU5oWzVqw8ulow==}
    peerDependencies:
      vite: ^3.0.0 || ^4.0.0 || ^5.0.0 || ^6.0.0
    peerDependenciesMeta:
      vite:
        optional: true

  yaml@2.7.0:
    resolution: {integrity: sha512-+hSoy/QHluxmC9kCIJyL/uyFmLmc+e5CFR5Wa+bpIhIj85LVb9ZH2nVnqrHoSvKogwODv0ClqZkmiSSaIH5LTA==}
    engines: {node: '>= 14'}
    hasBin: true

  zimmerframe@1.1.2:
    resolution: {integrity: sha512-rAbqEGa8ovJy4pyBxZM70hg4pE6gDgaQ0Sl9M3enG3I0d6H4XSAM3GeNGLKnsBpuijUow064sf7ww1nutC5/3w==}

snapshots:

  '@ampproject/remapping@2.3.0':
    dependencies:
      '@jridgewell/gen-mapping': 0.3.8
      '@jridgewell/trace-mapping': 0.3.25

  '@esbuild/aix-ppc64@0.24.2':
    optional: true

  '@esbuild/android-arm64@0.24.2':
    optional: true

  '@esbuild/android-arm@0.24.2':
    optional: true

  '@esbuild/android-x64@0.24.2':
    optional: true

  '@esbuild/darwin-arm64@0.24.2':
    optional: true

  '@esbuild/darwin-x64@0.24.2':
    optional: true

  '@esbuild/freebsd-arm64@0.24.2':
    optional: true

  '@esbuild/freebsd-x64@0.24.2':
    optional: true

  '@esbuild/linux-arm64@0.24.2':
    optional: true

  '@esbuild/linux-arm@0.24.2':
    optional: true

  '@esbuild/linux-ia32@0.24.2':
    optional: true

  '@esbuild/linux-loong64@0.24.2':
    optional: true

  '@esbuild/linux-mips64el@0.24.2':
    optional: true

  '@esbuild/linux-ppc64@0.24.2':
    optional: true

  '@esbuild/linux-riscv64@0.24.2':
    optional: true

  '@esbuild/linux-s390x@0.24.2':
    optional: true

  '@esbuild/linux-x64@0.24.2':
    optional: true

  '@esbuild/netbsd-arm64@0.24.2':
    optional: true

  '@esbuild/netbsd-x64@0.24.2':
    optional: true

  '@esbuild/openbsd-arm64@0.24.2':
    optional: true

  '@esbuild/openbsd-x64@0.24.2':
    optional: true

  '@esbuild/sunos-x64@0.24.2':
    optional: true

  '@esbuild/win32-arm64@0.24.2':
    optional: true

  '@esbuild/win32-ia32@0.24.2':
    optional: true

  '@esbuild/win32-x64@0.24.2':
    optional: true

  '@floating-ui/core@1.6.8':
    dependencies:
      '@floating-ui/utils': 0.2.8

  '@floating-ui/dom@1.6.12':
    dependencies:
      '@floating-ui/core': 1.6.8
      '@floating-ui/utils': 0.2.8

  '@floating-ui/utils@0.2.8': {}

  '@jridgewell/gen-mapping@0.3.8':
    dependencies:
      '@jridgewell/set-array': 1.2.1
      '@jridgewell/sourcemap-codec': 1.5.0
      '@jridgewell/trace-mapping': 0.3.25

  '@jridgewell/resolve-uri@3.1.2': {}

  '@jridgewell/set-array@1.2.1': {}

  '@jridgewell/sourcemap-codec@1.5.0': {}

  '@jridgewell/trace-mapping@0.3.25':
    dependencies:
      '@jridgewell/resolve-uri': 3.1.2
      '@jridgewell/sourcemap-codec': 1.5.0

  '@pdf-lib/standard-fonts@1.0.0':
    dependencies:
      pako: 1.0.11

  '@pdf-lib/upng@1.0.1':
    dependencies:
      pako: 1.0.11

  '@playwright/test@1.50.1':
    dependencies:
      playwright: 1.50.1

  '@polka/url@1.0.0-next.28': {}

  '@popperjs/core@2.11.8': {}

  '@rollup/plugin-node-resolve@15.3.1(rollup@4.32.1)':
    dependencies:
      '@rollup/pluginutils': 5.1.4(rollup@4.32.1)
      '@types/resolve': 1.20.2
      deepmerge: 4.3.1
      is-module: 1.0.0
      resolve: 1.22.10
    optionalDependencies:
      rollup: 4.32.1

  '@rollup/pluginutils@5.1.4(rollup@4.32.1)':
    dependencies:
      '@types/estree': 1.0.6
      estree-walker: 2.0.2
      picomatch: 4.0.2
    optionalDependencies:
      rollup: 4.32.1

  '@rollup/rollup-android-arm-eabi@4.32.1':
    optional: true

  '@rollup/rollup-android-arm64@4.32.1':
    optional: true

  '@rollup/rollup-darwin-arm64@4.32.1':
    optional: true

  '@rollup/rollup-darwin-x64@4.32.1':
    optional: true

  '@rollup/rollup-freebsd-arm64@4.32.1':
    optional: true

  '@rollup/rollup-freebsd-x64@4.32.1':
    optional: true

  '@rollup/rollup-linux-arm-gnueabihf@4.32.1':
    optional: true

  '@rollup/rollup-linux-arm-musleabihf@4.32.1':
    optional: true

  '@rollup/rollup-linux-arm64-gnu@4.32.1':
    optional: true

  '@rollup/rollup-linux-arm64-musl@4.32.1':
    optional: true

  '@rollup/rollup-linux-loongarch64-gnu@4.32.1':
    optional: true

  '@rollup/rollup-linux-powerpc64le-gnu@4.32.1':
    optional: true

  '@rollup/rollup-linux-riscv64-gnu@4.32.1':
    optional: true

  '@rollup/rollup-linux-s390x-gnu@4.32.1':
    optional: true

  '@rollup/rollup-linux-x64-gnu@4.32.1':
    optional: true

  '@rollup/rollup-linux-x64-musl@4.32.1':
    optional: true

  '@rollup/rollup-win32-arm64-msvc@4.32.1':
    optional: true

  '@rollup/rollup-win32-ia32-msvc@4.32.1':
    optional: true

  '@rollup/rollup-win32-x64-msvc@4.32.1':
    optional: true

  '@sveltejs/adapter-static@3.0.8(@sveltejs/kit@2.16.1(@sveltejs/vite-plugin-svelte@5.0.3(svelte@5.19.6)(vite@6.0.11(@types/node@22.13.0)(jiti@1.21.7)(yaml@2.7.0)))(svelte@5.19.6)(vite@6.0.11(@types/node@22.13.0)(jiti@1.21.7)(yaml@2.7.0)))':
    dependencies:
      '@sveltejs/kit': 2.16.1(@sveltejs/vite-plugin-svelte@5.0.3(svelte@5.19.6)(vite@6.0.11(@types/node@22.13.0)(jiti@1.21.7)(yaml@2.7.0)))(svelte@5.19.6)(vite@6.0.11(@types/node@22.13.0)(jiti@1.21.7)(yaml@2.7.0))

  '@sveltejs/kit@2.16.1(@sveltejs/vite-plugin-svelte@5.0.3(svelte@5.19.6)(vite@6.0.11(@types/node@22.13.0)(jiti@1.21.7)(yaml@2.7.0)))(svelte@5.19.6)(vite@6.0.11(@types/node@22.13.0)(jiti@1.21.7)(yaml@2.7.0))':
    dependencies:
      '@sveltejs/vite-plugin-svelte': 5.0.3(svelte@5.19.6)(vite@6.0.11(@types/node@22.13.0)(jiti@1.21.7)(yaml@2.7.0))
      '@types/cookie': 0.6.0
      cookie: 0.6.0
      devalue: 5.1.1
      esm-env: 1.2.2
      import-meta-resolve: 4.1.0
      kleur: 4.1.5
      magic-string: 0.30.17
      mrmime: 2.0.0
      sade: 1.8.1
      set-cookie-parser: 2.7.1
      sirv: 3.0.0
      svelte: 5.19.6
      vite: 6.0.11(@types/node@22.13.0)(jiti@1.21.7)(yaml@2.7.0)

  '@sveltejs/vite-plugin-svelte-inspector@4.0.1(@sveltejs/vite-plugin-svelte@5.0.3(svelte@5.19.6)(vite@6.0.11(@types/node@22.13.0)(jiti@1.21.7)(yaml@2.7.0)))(svelte@5.19.6)(vite@6.0.11(@types/node@22.13.0)(jiti@1.21.7)(yaml@2.7.0))':
    dependencies:
      '@sveltejs/vite-plugin-svelte': 5.0.3(svelte@5.19.6)(vite@6.0.11(@types/node@22.13.0)(jiti@1.21.7)(yaml@2.7.0))
      debug: 4.4.0
      svelte: 5.19.6
      vite: 6.0.11(@types/node@22.13.0)(jiti@1.21.7)(yaml@2.7.0)
    transitivePeerDependencies:
      - supports-color

  '@sveltejs/vite-plugin-svelte@5.0.3(svelte@5.19.6)(vite@6.0.11(@types/node@22.13.0)(jiti@1.21.7)(yaml@2.7.0))':
    dependencies:
      '@sveltejs/vite-plugin-svelte-inspector': 4.0.1(@sveltejs/vite-plugin-svelte@5.0.3(svelte@5.19.6)(vite@6.0.11(@types/node@22.13.0)(jiti@1.21.7)(yaml@2.7.0)))(svelte@5.19.6)(vite@6.0.11(@types/node@22.13.0)(jiti@1.21.7)(yaml@2.7.0))
      debug: 4.4.0
      deepmerge: 4.3.1
      kleur: 4.1.5
      magic-string: 0.30.17
      svelte: 5.19.6
      vite: 6.0.11(@types/node@22.13.0)(jiti@1.21.7)(yaml@2.7.0)
      vitefu: 1.0.4(vite@6.0.11(@types/node@22.13.0)(jiti@1.21.7)(yaml@2.7.0))
    transitivePeerDependencies:
      - supports-color

  '@types/cookie@0.6.0': {}

  '@types/estree@1.0.6': {}

  '@types/node@22.13.0':
    dependencies:
      undici-types: 6.20.0

  '@types/resolve@1.20.2': {}

  '@yr/monotone-cubic-spline@1.0.3': {}

  acorn-typescript@1.4.13(acorn@8.14.0):
    dependencies:
      acorn: 8.14.0

  acorn@8.14.0: {}

  apexcharts@3.54.1:
    dependencies:
      '@yr/monotone-cubic-spline': 1.0.3
      svg.draggable.js: 2.2.2
      svg.easing.js: 2.0.0
      svg.filter.js: 2.0.2
      svg.pathmorphing.js: 0.1.3
      svg.resize.js: 1.4.3
      svg.select.js: 3.0.1

  aria-query@5.3.2: {}

  autoprefixer@10.4.20(postcss@8.5.1):
    dependencies:
      browserslist: 4.24.2
      caniuse-lite: 1.0.30001687
      fraction.js: 4.3.7
      normalize-range: 0.1.2
      picocolors: 1.1.1
      postcss: 8.5.1
      postcss-value-parser: 4.2.0

  axobject-query@4.1.0: {}

  browserslist@4.24.2:
    dependencies:
      caniuse-lite: 1.0.30001687
      electron-to-chromium: 1.5.71
      node-releases: 2.0.18
      update-browserslist-db: 1.1.1(browserslist@4.24.2)

  caniuse-lite@1.0.30001687: {}

  clsx@2.1.1: {}

  cookie@0.6.0: {}

  debug@4.4.0:
    dependencies:
      ms: 2.1.3

  deepmerge@4.3.1: {}

  devalue@5.1.1: {}

  electron-to-chromium@1.5.71: {}

  esbuild@0.24.2:
    optionalDependencies:
      '@esbuild/aix-ppc64': 0.24.2
      '@esbuild/android-arm': 0.24.2
      '@esbuild/android-arm64': 0.24.2
      '@esbuild/android-x64': 0.24.2
      '@esbuild/darwin-arm64': 0.24.2
      '@esbuild/darwin-x64': 0.24.2
      '@esbuild/freebsd-arm64': 0.24.2
      '@esbuild/freebsd-x64': 0.24.2
      '@esbuild/linux-arm': 0.24.2
      '@esbuild/linux-arm64': 0.24.2
      '@esbuild/linux-ia32': 0.24.2
      '@esbuild/linux-loong64': 0.24.2
      '@esbuild/linux-mips64el': 0.24.2
      '@esbuild/linux-ppc64': 0.24.2
      '@esbuild/linux-riscv64': 0.24.2
      '@esbuild/linux-s390x': 0.24.2
      '@esbuild/linux-x64': 0.24.2
      '@esbuild/netbsd-arm64': 0.24.2
      '@esbuild/netbsd-x64': 0.24.2
      '@esbuild/openbsd-arm64': 0.24.2
      '@esbuild/openbsd-x64': 0.24.2
      '@esbuild/sunos-x64': 0.24.2
      '@esbuild/win32-arm64': 0.24.2
      '@esbuild/win32-ia32': 0.24.2
      '@esbuild/win32-x64': 0.24.2

  escalade@3.2.0: {}

  esm-env@1.2.2: {}

  esrap@1.4.3:
    dependencies:
      '@jridgewell/sourcemap-codec': 1.5.0

  estree-walker@2.0.2: {}

  flowbite-datepicker@1.3.2(rollup@4.32.1):
    dependencies:
      '@rollup/plugin-node-resolve': 15.3.1(rollup@4.32.1)
      flowbite: 2.5.2(rollup@4.32.1)
    transitivePeerDependencies:
      - rollup

  flowbite-svelte-icons@2.0.2(svelte@5.19.6)(tailwind-merge@2.5.5)(tailwindcss@4.0.2):
    dependencies:
      svelte: 5.19.6
      tailwind-merge: 2.5.5
      tailwindcss: 4.0.2

  flowbite-svelte@0.47.4(rollup@4.32.1)(svelte@5.19.6):
    dependencies:
      '@floating-ui/dom': 1.6.12
      apexcharts: 3.54.1
      flowbite: 2.5.2(rollup@4.32.1)
      svelte: 5.19.6
      tailwind-merge: 2.5.5
    transitivePeerDependencies:
      - rollup

  flowbite@2.5.2(rollup@4.32.1):
    dependencies:
      '@popperjs/core': 2.11.8
      flowbite-datepicker: 1.3.2(rollup@4.32.1)
      mini-svg-data-uri: 1.4.4
    transitivePeerDependencies:
      - rollup

  flowbite@3.1.1(rollup@4.32.1):
    dependencies:
      '@popperjs/core': 2.11.8
      flowbite-datepicker: 1.3.2(rollup@4.32.1)
      mini-svg-data-uri: 1.4.4
      postcss: 8.5.1
    transitivePeerDependencies:
      - rollup

  fraction.js@4.3.7: {}

  fsevents@2.3.2:
    optional: true

  fsevents@2.3.3:
    optional: true

  function-bind@1.1.2: {}

  hasown@2.0.2:
    dependencies:
      function-bind: 1.1.2

  import-meta-resolve@4.1.0: {}

  is-core-module@2.16.1:
    dependencies:
      hasown: 2.0.2

  is-module@1.0.0: {}

  is-reference@3.0.3:
    dependencies:
      '@types/estree': 1.0.6

  jiti@1.21.7:
    optional: true

  kleur@4.1.5: {}

  locate-character@3.0.0: {}

  magic-string@0.30.17:
    dependencies:
      '@jridgewell/sourcemap-codec': 1.5.0

  mini-svg-data-uri@1.4.4: {}

  mri@1.2.0: {}

  mrmime@2.0.0: {}

  ms@2.1.3: {}

  nanoid@3.3.8: {}

  node-releases@2.0.18: {}

  normalize-range@0.1.2: {}

  pako@1.0.11: {}

  path-parse@1.0.7: {}

  pdf-lib@1.17.1:
    dependencies:
      '@pdf-lib/standard-fonts': 1.0.0
      '@pdf-lib/upng': 1.0.1
      pako: 1.0.11
      tslib: 1.14.1

  picocolors@1.1.1: {}

  picomatch@4.0.2: {}

  playwright-core@1.50.1: {}

  playwright@1.50.1:
    dependencies:
      playwright-core: 1.50.1
    optionalDependencies:
      fsevents: 2.3.2

  postcss-value-parser@4.2.0: {}

  postcss@8.5.1:
    dependencies:
      nanoid: 3.3.8
      picocolors: 1.1.1
      source-map-js: 1.2.1

  resolve@1.22.10:
    dependencies:
      is-core-module: 2.16.1
      path-parse: 1.0.7
      supports-preserve-symlinks-flag: 1.0.0

  rollup@4.32.1:
    dependencies:
      '@types/estree': 1.0.6
    optionalDependencies:
      '@rollup/rollup-android-arm-eabi': 4.32.1
      '@rollup/rollup-android-arm64': 4.32.1
      '@rollup/rollup-darwin-arm64': 4.32.1
      '@rollup/rollup-darwin-x64': 4.32.1
      '@rollup/rollup-freebsd-arm64': 4.32.1
      '@rollup/rollup-freebsd-x64': 4.32.1
      '@rollup/rollup-linux-arm-gnueabihf': 4.32.1
      '@rollup/rollup-linux-arm-musleabihf': 4.32.1
      '@rollup/rollup-linux-arm64-gnu': 4.32.1
      '@rollup/rollup-linux-arm64-musl': 4.32.1
      '@rollup/rollup-linux-loongarch64-gnu': 4.32.1
      '@rollup/rollup-linux-powerpc64le-gnu': 4.32.1
      '@rollup/rollup-linux-riscv64-gnu': 4.32.1
      '@rollup/rollup-linux-s390x-gnu': 4.32.1
      '@rollup/rollup-linux-x64-gnu': 4.32.1
      '@rollup/rollup-linux-x64-musl': 4.32.1
      '@rollup/rollup-win32-arm64-msvc': 4.32.1
      '@rollup/rollup-win32-ia32-msvc': 4.32.1
      '@rollup/rollup-win32-x64-msvc': 4.32.1
      fsevents: 2.3.3

  sade@1.8.1:
    dependencies:
      mri: 1.2.0

  set-cookie-parser@2.7.1: {}

  sirv@3.0.0:
    dependencies:
      '@polka/url': 1.0.0-next.28
      mrmime: 2.0.0
      totalist: 3.0.1

  source-map-js@1.2.1: {}

  supports-preserve-symlinks-flag@1.0.0: {}

  svelte@5.19.6:
    dependencies:
      '@ampproject/remapping': 2.3.0
      '@jridgewell/sourcemap-codec': 1.5.0
      '@types/estree': 1.0.6
      acorn: 8.14.0
      acorn-typescript: 1.4.13(acorn@8.14.0)
      aria-query: 5.3.2
      axobject-query: 4.1.0
      clsx: 2.1.1
      esm-env: 1.2.2
      esrap: 1.4.3
      is-reference: 3.0.3
      locate-character: 3.0.0
      magic-string: 0.30.17
      zimmerframe: 1.1.2

  svg.draggable.js@2.2.2:
    dependencies:
      svg.js: 2.7.1

  svg.easing.js@2.0.0:
    dependencies:
      svg.js: 2.7.1

  svg.filter.js@2.0.2:
    dependencies:
      svg.js: 2.7.1

  svg.js@2.7.1: {}

  svg.pathmorphing.js@0.1.3:
    dependencies:
      svg.js: 2.7.1

  svg.resize.js@1.4.3:
    dependencies:
      svg.js: 2.7.1
      svg.select.js: 2.1.2

  svg.select.js@2.1.2:
    dependencies:
      svg.js: 2.7.1

  svg.select.js@3.0.1:
    dependencies:
      svg.js: 2.7.1

  tailwind-merge@2.5.5: {}

  tailwindcss@4.0.2: {}

  totalist@3.0.1: {}

  tslib@1.14.1: {}

  typescript@5.7.3: {}

  undici-types@6.20.0: {}

  update-browserslist-db@1.1.1(browserslist@4.24.2):
    dependencies:
      browserslist: 4.24.2
      escalade: 3.2.0
      picocolors: 1.1.1

  vite@6.0.11(@types/node@22.13.0)(jiti@1.21.7)(yaml@2.7.0):
    dependencies:
      esbuild: 0.24.2
      postcss: 8.5.1
      rollup: 4.32.1
    optionalDependencies:
      '@types/node': 22.13.0
      fsevents: 2.3.3
      jiti: 1.21.7
      yaml: 2.7.0

  vitefu@1.0.4(vite@6.0.11(@types/node@22.13.0)(jiti@1.21.7)(yaml@2.7.0)):
    optionalDependencies:
      vite: 6.0.11(@types/node@22.13.0)(jiti@1.21.7)(yaml@2.7.0)

  yaml@2.7.0:
    optional: true

  zimmerframe@1.1.2: {}
